
Microsoft Visual Studio Solution File, Format Version 12.00
# Visual Studio 15
VisualStudioVersion = 15.0.28307.757
MinimumVisualStudioVersion = 10.0.40219.1
Project("{FAE04EC0-301F-11D3-BF4B-00C04F79EFBC}") = "GoShopping", "GoShopping.csproj", "{22192AC7-A57A-43A6-92E2-5D1AA56576F2}"
EndProject
Global
	GlobalSection(SolutionConfigurationPlatforms) = preSolution
		Debug|Any CPU = Debug|Any CPU
		Release|Any CPU = Release|Any CPU
	EndGlobalSection
	GlobalSection(ProjectConfigurationPlatforms) = postSolution
		{22192AC7-A57A-43A6-92E2-5D1AA56576F2}.Debug|Any CPU.ActiveCfg = Debug|Any CPU
		{22192AC7-A57A-43A6-92E2-5D1AA56576F2}.Debug|Any CPU.Build.0 = Debug|Any CPU
		{22192AC7-A57A-43A6-92E2-5D1AA56576F2}.Release|Any CPU.ActiveCfg = Release|Any CPU
		{22192AC7-A57A-43A6-92E2-5D1AA56576F2}.Release|Any CPU.Build.0 = Release|Any CPU
	EndGlobalSection
	GlobalSection(SolutionProperties) = preSolution
		HideSolutionNode = FALSE
	EndGlobalSection
	GlobalSection(ExtensibilityGlobals) = postSolution
		SolutionGuid = {2D742F60-619D-4345-9BD7-6D9EDF406D4C}
	EndGlobalSection
EndGlobal
